{
    "_readme": [
        "This file locks the dependencies of your project to a known state",
        "Read more about it at https://getcomposer.org/doc/01-basic-usage.md#installing-dependencies",
        "This file is @generated automatically"
    ],
    "content-hash": "40fc7c95d4de972eb92e968bd7f8eb9d",
    "packages": [
        {
            "name": "hubert/avocado",
            "version": "dev-main",
            "source": {
                "type": "git",
                "url": "https://github.com/HubertKuch/Avocado.git",
                "reference": "4197356162c404da0dcbbb4edf6a7ec241c414bc"
            },
            "dist": {
                "type": "zip",
                "url": "https://api.github.com/repos/HubertKuch/Avocado/zipball/4197356162c404da0dcbbb4edf6a7ec241c414bc",
                "reference": "4197356162c404da0dcbbb4edf6a7ec241c414bc",
                "shasum": ""
            },
            "require": {
                "ext-dom": "*",
                "ext-pdo": "*",
                "nette/robot-loader": "^3.4",
                "php": ">=8.1",
                "symplely/yaml": "^1.0"
            },
            "require-dev": {
                "hubert/avocado-mysql-driver": "v2.0.0",
                "phpstan/phpstan": "1.9.14",
                "phpunit/phpunit": "9.5.18"
            },
            "default-branch": true,
            "type": "framework",
            "autoload": {
                "psr-4": {
                    "Avocado\\": "src/",
                    "Avocado\\ORM\\": "src/AvocadoORM/",
                    "Avocado\\Router\\": "src/AvocadoRouter/",
                    "Avocado\\AvocadoView\\": "src/AvocadoView/"
                },
                "classmap": [
                    "src",
                    "tests"
                ]
            },
            "notification-url": "https://packagist.org/downloads/",
            "license": [
                "Apache-2.0"
            ],
            "authors": [
                {
                    "name": "Hubert Kuch",
                    "email": "kuchhubert@gmail.com"
                }
            ],
            "description": "Avocado is hobbyist PHP framework which implements routing and ORM",
            "homepage": "https://avocadoframework.com",
            "support": {
                "issues": "https://github.com/HubertKuch/Avocado/issues",
                "source": "https://github.com/HubertKuch/Avocado/tree/main"
            },
            "time": "2023-02-02T05:29:02+00:00"
        },
        {
            "name": "nette/finder",
            "version": "v2.6.x-dev",
            "source": {
                "type": "git",
                "url": "https://github.com/nette/finder.git",
                "reference": "991aefb42860abeab8e003970c3809a9d83cb932"
            },
            "dist": {
                "type": "zip",
                "url": "https://api.github.com/repos/nette/finder/zipball/991aefb42860abeab8e003970c3809a9d83cb932",
                "reference": "991aefb42860abeab8e003970c3809a9d83cb932",
                "shasum": ""
            },
            "require": {
                "nette/utils": "^2.4 || ^3.0",
                "php": ">=7.1"
            },
            "conflict": {
                "nette/nette": "<2.2"
            },
            "require-dev": {
                "nette/tester": "^2.0",
                "phpstan/phpstan": "^0.12",
                "tracy/tracy": "^2.3"
            },
            "type": "library",
            "extra": {
                "branch-alias": {
                    "dev-master": "2.6-dev"
                }
            },
            "autoload": {
                "classmap": [
                    "src/"
                ]
            },
            "notification-url": "https://packagist.org/downloads/",
            "license": [
                "BSD-3-Clause",
                "GPL-2.0-only",
                "GPL-3.0-only"
            ],
            "authors": [
                {
                    "name": "David Grudl",
                    "homepage": "https://davidgrudl.com"
                },
                {
                    "name": "Nette Community",
                    "homepage": "https://nette.org/contributors"
                }
            ],
            "description": "🔍 Nette Finder: find files and directories with an intuitive API.",
            "homepage": "https://nette.org",
            "keywords": [
                "filesystem",
                "glob",
                "iterator",
                "nette"
            ],
            "support": {
                "issues": "https://github.com/nette/finder/issues",
                "source": "https://github.com/nette/finder/tree/v2.6"
            },
            "time": "2022-10-13T01:31:15+00:00"
        },
        {
            "name": "nette/robot-loader",
            "version": "v3.4.x-dev",
            "source": {
                "type": "git",
                "url": "https://github.com/nette/robot-loader.git",
                "reference": "6262273f94eea8351e2aa6865950e7847fafd1ab"
            },
            "dist": {
                "type": "zip",
                "url": "https://api.github.com/repos/nette/robot-loader/zipball/6262273f94eea8351e2aa6865950e7847fafd1ab",
                "reference": "6262273f94eea8351e2aa6865950e7847fafd1ab",
                "shasum": ""
            },
            "require": {
                "ext-tokenizer": "*",
                "nette/finder": "^2.5 || ^3.0",
                "nette/utils": "^3.0",
                "php": ">=7.1"
            },
            "require-dev": {
                "nette/tester": "^2.0",
                "phpstan/phpstan": "^0.12",
                "tracy/tracy": "^2.3"
            },
            "type": "library",
            "extra": {
                "branch-alias": {
                    "dev-master": "3.4-dev"
                }
            },
            "autoload": {
                "classmap": [
                    "src/"
                ]
            },
            "notification-url": "https://packagist.org/downloads/",
            "license": [
                "BSD-3-Clause",
                "GPL-2.0-only",
                "GPL-3.0-only"
            ],
            "authors": [
                {
                    "name": "David Grudl",
                    "homepage": "https://davidgrudl.com"
                },
                {
                    "name": "Nette Community",
                    "homepage": "https://nette.org/contributors"
                }
            ],
            "description": "🍀 Nette RobotLoader: high performance and comfortable autoloader that will search and autoload classes within your application.",
            "homepage": "https://nette.org",
            "keywords": [
                "autoload",
                "class",
                "interface",
                "nette",
                "trait"
            ],
            "support": {
                "issues": "https://github.com/nette/robot-loader/issues",
                "source": "https://github.com/nette/robot-loader/tree/v3.4"
            },
            "time": "2022-12-21T00:57:11+00:00"
        },
        {
            "name": "nette/utils",
            "version": "v3.2.x-dev",
            "source": {
                "type": "git",
                "url": "https://github.com/nette/utils.git",
                "reference": "7d5e2bc74598a9f404c6efd62437d9b130409b35"
            },
            "dist": {
                "type": "zip",
                "url": "https://api.github.com/repos/nette/utils/zipball/7d5e2bc74598a9f404c6efd62437d9b130409b35",
                "reference": "7d5e2bc74598a9f404c6efd62437d9b130409b35",
                "shasum": ""
            },
            "require": {
                "php": ">=7.2 <8.3"
            },
            "conflict": {
                "nette/di": "<3.0.6"
            },
            "require-dev": {
                "jetbrains/phpstorm-attributes": "dev-master",
                "nette/tester": "~2.0",
                "phpstan/phpstan": "^1.0",
                "tracy/tracy": "^2.3"
            },
            "suggest": {
                "ext-gd": "to use Image",
                "ext-iconv": "to use Strings::webalize(), toAscii(), chr() and reverse()",
                "ext-intl": "to use Strings::webalize(), toAscii(), normalize() and compare()",
                "ext-json": "to use Nette\\Utils\\Json",
                "ext-mbstring": "to use Strings::lower() etc...",
                "ext-tokenizer": "to use Nette\\Utils\\Reflection::getUseStatements()",
                "ext-xml": "to use Strings::length() etc. when mbstring is not available"
            },
            "type": "library",
            "extra": {
                "branch-alias": {
                    "dev-master": "3.2-dev"
                }
            },
            "autoload": {
                "classmap": [
                    "src/"
                ]
            },
            "notification-url": "https://packagist.org/downloads/",
            "license": [
                "BSD-3-Clause",
                "GPL-2.0-only",
                "GPL-3.0-only"
            ],
            "authors": [
                {
                    "name": "David Grudl",
                    "homepage": "https://davidgrudl.com"
                },
                {
                    "name": "Nette Community",
                    "homepage": "https://nette.org/contributors"
                }
            ],
            "description": "🛠  Nette Utils: lightweight utilities for string & array manipulation, image handling, safe JSON encoding/decoding, validation, slug or strong password generating etc.",
            "homepage": "https://nette.org",
            "keywords": [
                "array",
                "core",
                "datetime",
                "images",
                "json",
                "nette",
                "paginator",
                "password",
                "slugify",
                "string",
                "unicode",
                "utf-8",
                "utility",
                "validation"
            ],
            "support": {
                "issues": "https://github.com/nette/utils/issues",
                "source": "https://github.com/nette/utils/tree/v3.2"
            },
            "time": "2023-02-02T03:54:43+00:00"
        },
        {
            "name": "symplely/yaml",
            "version": "v1.x-dev",
            "source": {
                "type": "git",
                "url": "https://github.com/symplely/yaml.git",
                "reference": "fc5f1e10524cb41e168af53c0b676f4761891e59"
            },
            "dist": {
                "type": "zip",
                "url": "https://api.github.com/repos/symplely/yaml/zipball/fc5f1e10524cb41e168af53c0b676f4761891e59",
                "reference": "fc5f1e10524cb41e168af53c0b676f4761891e59",
                "shasum": ""
            },
            "require": {
                "php": "^7.0"
            },
            "require-dev": {
                "phpunit/phpunit": ">5.7.0"
            },
            "type": "library",
            "autoload": {
                "files": [
                    "Yaml/functions.php"
                ],
                "psr-4": {
                    "Async\\": "Yaml/"
                }
            },
            "notification-url": "https://packagist.org/downloads/",
            "license": [
                "MIT"
            ],
            "authors": [
                {
                    "name": "mustangostang",
                    "email": "vlad.andersen@gmail.com"
                },
                {
                    "name": "Lawrence Stubbs",
                    "email": "lstubbs@techno.express"
                }
            ],
            "description": "A Async simple YAML loader/dumper class for PHP",
            "homepage": "https://github.com/symplely/yaml/",
            "keywords": [
                "async",
                "yaml",
                "yml"
            ],
            "support": {
                "issues": "https://github.com/symplely/yaml/issues",
                "source": "https://github.com/symplely/yaml/tree/v1"
            },
            "time": "2019-09-19T21:31:45+00:00"
        }
    ],
    "packages-dev": [],
    "aliases": [],
    "minimum-stability": "dev",
    "stability-flags": {
        "hubert/avocado": 20
    },
    "prefer-stable": false,
    "prefer-lowest": false,
    "platform": {
        "ext-pdo": "*",
        "ext-pdo_pgsql": "*",
        "php": "8.*"
    },
    "platform-dev": [],
    "plugin-api-version": "2.3.0"
}
